// !$*UTF8*$!
{
	archiveVersion = 1;
	classes = {
	};
	objectVersion = 50;
	objects = {

/* Begin PBXBuildFile section */
		307C5FB224A4CF74009B535D /* AppDelegate.m in Sources */ = {isa = PBXBuildFile; fileRef = 307C5FB124A4CF74009B535D /* AppDelegate.m */; };
		307C5FB524A4CF74009B535D /* SceneDelegate.m in Sources */ = {isa = PBXBuildFile; fileRef = 307C5FB424A4CF74009B535D /* SceneDelegate.m */; };
		307C5FB824A4CF74009B535D /* ViewController.m in Sources */ = {isa = PBXBuildFile; fileRef = 307C5FB724A4CF74009B535D /* ViewController.m */; };
		307C5FBB24A4CF74009B535D /* Main.storyboard in Resources */ = {isa = PBXBuildFile; fileRef = 307C5FB924A4CF74009B535D /* Main.storyboard */; };
		307C5FBD24A4CF77009B535D /* Assets.xcassets in Resources */ = {isa = PBXBuildFile; fileRef = 307C5FBC24A4CF77009B535D /* Assets.xcassets */; };
		307C5FC024A4CF77009B535D /* LaunchScreen.storyboard in Resources */ = {isa = PBXBuildFile; fileRef = 307C5FBE24A4CF77009B535D /* LaunchScreen.storyboard */; };
		307C5FC324A4CF77009B535D /* main.m in Sources */ = {isa = PBXBuildFile; fileRef = 307C5FC224A4CF77009B535D /* main.m */; };
/* End PBXBuildFile section */

/* Begin PBXFileReference section */
		307C5FAD24A4CF74009B535D /* TestLSB.app */ = {isa = PBXFileReference; explicitFileType = wrapper.application; includeInIndex = 0; path = TestLSB.app; sourceTree = BUILT_PRODUCTS_DIR; };
		307C5FB024A4CF74009B535D /* AppDelegate.h */ = {isa = PBXFileReference; lastKnownFileType = sourcecode.c.h; path = AppDelegate.h; sourceTree = "<group>"; };
		307C5FB124A4CF74009B535D /* AppDelegate.m */ = {isa = PBXFileReference; lastKnownFileType = sourcecode.c.objc; path = AppDelegate.m; sourceTree = "<group>"; };
		307C5FB324A4CF74009B535D /* SceneDelegate.h */ = {isa = PBXFileReference; lastKnownFileType = sourcecode.c.h; path = SceneDelegate.h; sourceTree = "<group>"; };
		307C5FB424A4CF74009B535D /* SceneDelegate.m */ = {isa = PBXFileReference; lastKnownFileType = sourcecode.c.objc; path = SceneDelegate.m; sourceTree = "<group>"; };
		307C5FB624A4CF74009B535D /* ViewController.h */ = {isa = PBXFileReference; lastKnownFileType = sourcecode.c.h; path = ViewController.h; sourceTree = "<group>"; };
		307C5FB724A4CF74009B535D /* ViewController.m */ = {isa = PBXFileReference; lastKnownFileType = sourcecode.c.objc; path = ViewController.m; sourceTree = "<group>"; };
		307C5FBA24A4CF74009B535D /* Base */ = {isa = PBXFileReference; lastKnownFileType = file.storyboard; name = Base; path = Base.lproj/Main.storyboard; sourceTree = "<group>"; };
		307C5FBC24A4CF77009B535D /* Assets.xcassets */ = {isa = PBXFileReference; lastKnownFileType = folder.assetcatalog; path = Assets.xcassets; sourceTree = "<group>"; };
		307C5FBF24A4CF77009B535D /* Base */ = {isa = PBXFileReference; lastKnownFileType = file.storyboard; name = Base; path = Base.lproj/LaunchScreen.storyboard; sourceTree = "<group>"; };
		307C5FC124A4CF77009B535D /* Info.plist */ = {isa = PBXFileReference; lastKnownFileType = text.plist.xml; path = Info.plist; sourceTree = "<group>"; };
		307C5FC224A4CF77009B535D /* main.m */ = {isa = PBXFileReference; lastKnownFileType = sourcecode.c.objc; path = main.m; sourceTree = "<group>"; };
/* End PBXFileReference section */

/* Begin PBXFrameworksBuildPhase section */
		307C5FAA24A4CF74009B535D /* Frameworks */ = {
			isa = PBXFrameworksBuildPhase;
			buildActionMask = 2147483647;
			files = (
			);
			runOnlyForDeploymentPostprocessing = 0;
		};
/* End PBXFrameworksBuildPhase section */

/* Begin PBXGroup section */
		307C5FA424A4CF74009B535D = {
			isa = PBXGroup;
			children = (
				307C5FAF24A4CF74009B535D /* TestLSB */,
				307C5FAE24A4CF74009B535D /* Products */,
			);
			sourceTree = "<group>";
		};
		307C5FAE24A4CF74009B535D /* Products */ = {
			isa = PBXGroup;
			children = (
				307C5FAD24A4CF74009B535D /* TestLSB.app */,
			);
			name = Products;
			sourceTree = "<group>";
		};
		307C5FAF24A4CF74009B535D /* TestLSB */ = {
			isa = PBXGroup;
			children = (
				307C5FB024A4CF74009B535D /* AppDelegate.h */,
				307C5FB124A4CF74009B535D /* AppDelegate.m */,
				307C5FB324A4CF74009B535D /* SceneDelegate.h */,
				307C5FB424A4CF74009B535D /* SceneDelegate.m */,
				307C5FB624A4CF74009B535D /* ViewController.h */,
				307C5FB724A4CF74009B535D /* ViewController.m */,
				307C5FB924A4CF74009B535D /* Main.storyboard */,
				307C5FBC24A4CF77009B535D /* Assets.xcassets */,
				307C5FBE24A4CF77009B535D /* LaunchScreen.storyboard */,
				307C5FC124A4CF77009B535D /* Info.plist */,
				307C5FC224A4CF77009B535D /* main.m */,
			);
			path = TestLSB;
			sourceTree = "<group>";
		};
/* End PBXGroup section */

/* Begin PBXNativeTarget section */
		307C5FAC24A4CF74009B535D /* TestLSB */ = {
			isa = PBXNativeTarget;
			buildConfigurationList = 307C5FC624A4CF77009B535D /* Build configuration list for PBXNativeTarget "TestLSB" */;
			buildPhases = (
				307C5FA924A4CF74009B535D /* Sources */,
				307C5FAA24A4CF74009B535D /* Frameworks */,
				307C5FAB24A4CF74009B535D /* Resources */,
			);
			buildRules = (
			);
			dependencies = (
			);
			name = TestLSB;
			productName = TestLSB;
			productReference = 307C5FAD24A4CF74009B535D /* TestLSB.app */;
			productType = "com.apple.product-type.application";
		};
/* End PBXNativeTarget section */

/* Begin PBXProject section */
		307C5FA524A4CF74009B535D /* Project object */ = {
			isa = PBXProject;
			attributes = {
				LastUpgradeCheck = 1150;
				ORGANIZATIONNAME = "hongqiang dong";
				TargetAttributes = {
					307C5FAC24A4CF74009B535D = {
						CreatedOnToolsVersion = 11.5;
					};
				};
			};
			buildConfigurationList = 307C5FA824A4CF74009B535D /* Build configuration list for PBXProject "TestLSB" */;
			compatibilityVersion = "Xcode 9.3";
			developmentRegion = en;
			hasScannedForEncodings = 0;
			knownRegions = (
				en,
				Base,
			);
			mainGroup = 307C5FA424A4CF74009B535D;
			productRefGroup = 307C5FAE24A4CF74009B535D /* Products */;
			projectDirPath = "";
			projectRoot = "";
			targets = (
				307C5FAC24A4CF74009B535D /* TestLSB */,
			);
		};
/* End PBXProject section */

/* Begin PBXResourcesBuildPhase section */
		307C5FAB24A4CF74009B535D /* Resources */ = {
			isa = PBXResourcesBuildPhase;
			buildActionMask = 2147483647;
			files = (
				307C5FC024A4CF77009B535D /* LaunchScreen.storyboard in Resources */,
				307C5FBD24A4CF77009B535D /* Assets.xcassets in Resources */,
				307C5FBB24A4CF74009B535D /* Main.storyboard in Resources */,
			);
			runOnlyForDeploymentPostprocessing = 0;
		};
/* End PBXResourcesBuildPhase section */

/* Begin PBXSourcesBuildPhase section */
		307C5FA924A4CF74009B535D /* Sources */ = {
			isa = PBXSourcesBuildPhase;
			buildActionMask = 2147483647;
			files = (
				307C5FB824A4CF74009B535D /* ViewController.m in Sources */,
				307C5FB224A4CF74009B535D /* AppDelegate.m in Sources */,
				307C5FC324A4CF77009B535D /* main.m in Sources */,
				307C5FB524A4CF74009B535D /* SceneDelegate.m in Sources */,
			);
			runOnlyForDeploymentPostprocessing = 0;
		};
/* End PBXSourcesBuildPhase section */

/* Begin PBXVariantGroup section */
		307C5FB924A4CF74009B535D /* Main.storyboard */ = {
			isa = PBXVariantGroup;
			children = (
				307C5FBA24A4CF74009B535D /* Base */,
			);
			name = Main.storyboard;
			sourceTree = "<group>";
		};
		307C5FBE24A4CF77009B535D /* LaunchScreen.storyboard */ = {
			isa = PBXVariantGroup;
			children = (
				307C5FBF24A4CF77009B535D /* Base */,
			);
			name = LaunchScreen.storyboard;
			sourceTree = "<group>";
		};
/* End PBXVariantGroup section */

/* Begin XCBuildConfiguration section */
		307C5FC424A4CF77009B535D /* Debug */ = {
			isa = XCBuildConfiguration;
			buildSettings = {
				ALWAYS_SEARCH_USER_PATHS = NO;
				CLANG_ANALYZER_NONNULL = YES;
				CLANG_ANALYZER_NUMBER_OBJECT_CONVERSION = YES_AGGRESSIVE;
				CLANG_CXX_LANGUAGE_STANDARD = "gnu++14";
				CLANG_CXX_LIBRARY = "libc++";
				CLANG_ENABLE_MODULES = YES;
				CLANG_ENABLE_OBJC_ARC = YES;
				CLANG_ENABLE_OBJC_WEAK = YES;
				CLANG_WARN_BLOCK_CAPTURE_AUTORELEASING = YES;
				CLANG_WARN_BOOL_CONVERSION = YES;
				CLANG_WARN_COMMA = YES;
				CLANG_WARN_CONSTANT_CONVERSION = YES;
				CLANG_WARN_DEPRECATED_OBJC_IMPLEMENTATIONS = YES;
				CLANG_WARN_DIRECT_OBJC_ISA_USAGE = YES_ERROR;
				CLANG_WARN_DOCUMENTATION_COMMENTS = YES;
				CLANG_WARN_EMPTY_BODY = YES;
				CLANG_WARN_ENUM_CONVERSION = YES;
				CLANG_WARN_INFINITE_RECURSION = YES;
				CLANG_WARN_INT_CONVERSION = YES;
				CLANG_WARN_NON_LITERAL_NULL_CONVERSION = YES;
				CLANG_WARN_OBJC_IMPLICIT_RETAIN_SELF = YES;
				CLANG_WARN_OBJC_LITERAL_CONVERSION = YES;
				CLANG_WARN_OBJC_ROOT_CLASS = YES_ERROR;
				CLANG_WARN_RANGE_LOOP_ANALYSIS = YES;
				CLANG_WARN_STRICT_PROTOTYPES = YES;
				CLANG_WARN_SUSPICIOUS_MOVE = YES;
				CLANG_WARN_UNGUARDED_AVAILABILITY = YES_AGGRESSIVE;
				CLANG_WARN_UNREACHABLE_CODE = YES;
				CLANG_WARN__DUPLICATE_METHOD_MATCH = YES;
				COPY_PHASE_STRIP = NO;
				DEBUG_INFORMATION_FORMAT = dwarf;
				ENABLE_STRICT_OBJC_MSGSEND = YES;
				ENABLE_TESTABILITY = YES;
				GCC_C_LANGUAGE_STANDARD = gnu11;
				GCC_DYNAMIC_NO_PIC = NO;
				GCC_NO_COMMON_BLOCKS = YES;
				GCC_OPTIMIZATION_LEVEL = 0;
				GCC_PREPROCESSOR_DEFINITIONS = (
					"DEBUG=1",
					"$(inherited)",
				);
				GCC_WARN_64_TO_32_BIT_CONVERSION = YES;
				GCC_WARN_ABOUT_RETURN_TYPE = YES_ERROR;
				GCC_WARN_UNDECLARED_SELECTOR = YES;
				GCC_WARN_UNINITIALIZED_AUTOS = YES_AGGRESSIVE;
				GCC_WARN_UNUSED_FUNCTION = YES;
				GCC_WARN_UNUSED_VARIABLE = YES;
				IPHONEOS_DEPLOYMENT_TARGET = 13.5;
				MTL_ENABLE_DEBUG_INFO = INCLUDE_SOURCE;
				MTL_FAST_MATH = YES;
				ONLY_ACTIVE_ARCH = YES;
				SDKROOT = iphoneos;
			};
			name = Debug;
		};
		307C5FC524A4CF77009B535D /* Release */ = {
			isa = XCBuildConfiguration;
			buildSettings = {
				ALWAYS_SEARCH_USER_PATHS = NO;
				CLANG_ANALYZER_NONNULL = YES;
				CLANG_ANALYZER_NUMBER_OBJECT_CONVERSION = YES_AGGRESSIVE;
				CLANG_CXX_LANGUAGE_STANDARD = "gnu++14";
				CLANG_CXX_LIBRARY = "libc++";
				CLANG_ENABLE_MODULES = YES;
				CLANG_ENABLE_OBJC_ARC = YES;
				CLANG_ENABLE_OBJC_WEAK = YES;
				CLANG_WARN_BLOCK_CAPTURE_AUTORELEASING = YES;
				CLANG_WARN_BOOL_CONVERSION = YES;
				CLANG_WARN_COMMA = YES;
				CLANG_WARN_CONSTANT_CONVERSION = YES;
				CLANG_WARN_DEPRECATED_OBJC_IMPLEMENTATIONS = YES;
				CLANG_WARN_DIRECT_OBJC_ISA_USAGE = YES_ERROR;
				CLANG_WARN_DOCUMENTATION_COMMENTS = YES;
				CLANG_WARN_EMPTY_BODY = YES;
				CLANG_WARN_ENUM_CONVERSION = YES;
				CLANG_WARN_INFINITE_RECURSION = YES;
				CLANG_WARN_INT_CONVERSION = YES;
				CLANG_WARN_NON_LITERAL_NULL_CONVERSION = YES;
				CLANG_WARN_OBJC_IMPLICIT_RETAIN_SELF = YES;
				CLANG_WARN_OBJC_LITERAL_CONVERSION = YES;
				CLANG_WARN_OBJC_ROOT_CLASS = YES_ERROR;
				CLANG_WARN_RANGE_LOOP_ANALYSIS = YES;
				CLANG_WARN_STRICT_PROTOTYPES = YES;
				CLANG_WARN_SUSPICIOUS_MOVE = YES;
				CLANG_WARN_UNGUARDED_AVAILABILITY = YES_AGGRESSIVE;
				CLANG_WARN_UNREACHABLE_CODE = YES;
				CLANG_WARN__DUPLICATE_METHOD_MATCH = YES;
				COPY_PHASE_STRIP = NO;
				DEBUG_INFORMATION_FORMAT = "dwarf-with-dsym";
				ENABLE_NS_ASSERTIONS = NO;
				ENABLE_STRICT_OBJC_MSGSEND = YES;
				GCC_C_LANGUAGE_STANDARD = gnu11;
				GCC_NO_COMMON_BLOCKS = YES;
				GCC_WARN_64_TO_32_BIT_CONVERSION = YES;
				GCC_WARN_ABOUT_RETURN_TYPE = YES_ERROR;
				GCC_WARN_UNDECLARED_SELECTOR = YES;
				GCC_WARN_UNINITIALIZED_AUTOS = YES_AGGRESSIVE;
				GCC_WARN_UNUSED_FUNCTION = YES;
				GCC_WARN_UNUSED_VARIABLE = YES;
				IPHONEOS_DEPLOYMENT_TARGET = 13.5;
				MTL_ENABLE_DEBUG_INFO = NO;
				MTL_FAST_MATH = YES;
				SDKROOT = iphoneos;
				VALIDATE_PRODUCT = YES;
			};
			name = Release;
		};
		307C5FC724A4CF77009B535D /* Debug */ = {
			isa = XCBuildConfiguration;
			buildSettings = {
				ASSETCATALOG_COMPILER_APPICON_NAME = AppIcon;
				CODE_SIGN_STYLE = Automatic;
				INFOPLIST_FILE = TestLSB/Info.plist;
				LD_RUNPATH_SEARCH_PATHS = (
					"$(inherited)",
					"@executable_path/Frameworks",
				);
				PRODUCT_BUNDLE_IDENTIFIER = dong.TestLSB;
				PRODUCT_NAME = "$(TARGET_NAME)";
				TARGETED_DEVICE_FAMILY = "1,2";
			};
			name = Debug;
		};
		307C5FC824A4CF77009B535D /* Release */ = {
			isa = XCBuildConfiguration;
			buildSettings = {
				ASSETCATALOG_COMPILER_APPICON_NAME = AppIcon;
				CODE_SIGN_STYLE = Automatic;
				INFOPLIST_FILE = TestLSB/Info.plist;
				LD_RUNPATH_SEARCH_PATHS = (
					"$(inherited)",
					"@executable_path/Frameworks",
				);
				PRODUCT_BUNDLE_IDENTIFIER = dong.TestLSB;
				PRODUCT_NAME = "$(TARGET_NAME)";
				TARGETED_DEVICE_FAMILY = "1,2";
			};
			name = Release;
		};
/* End XCBuildConfiguration section */

/* Begin XCConfigurationList section */
		307C5FA824A4CF74009B535D /* Build configuration list for PBXProject "TestLSB" */ = {
			isa = XCConfigurationList;
			buildConfigurations = (
				307C5FC424A4CF77009B535D /* Debug */,
				307C5FC524A4CF77009B535D /* Release */,
			);
			defaultConfigurationIsVisible = 0;
			defaultConfigurationName = Release;
		};
		307C5FC624A4CF77009B535D /* Build configuration list for PBXNativeTarget "TestLSB" */ = {
			isa = XCConfigurationList;
			buildConfigurations = (
				307C5FC724A4CF77009B535D /* Debug */,
				307C5FC824A4CF77009B535D /* Release */,
			);
			defaultConfigurationIsVisible = 0;
			defaultConfigurationName = Release;
		};
/* End XCConfigurationList section */
	};
	rootObject = 307C5FA524A4CF74009B535D /* Project object */;
}
